
Microsoft Visual Studio Solution File, Format Version 12.00
# Visual Studio Version 17
VisualStudioVersion = 17.6.33829.357
MinimumVisualStudioVersion = 10.0.40219.1
Project("{FAE04EC0-301F-11D3-BF4B-00C04F79EFBC}") = "Servicio MVC", "Servicio MVC\Servicio MVC.csproj", "{EE7F4338-6296-4B8F-9A53-124337333CF8}"
EndProject
Global
	GlobalSection(SolutionConfigurationPlatforms) = preSolution
		Debug|Any CPU = Debug|Any CPU
		Release|Any CPU = Release|Any CPU
	EndGlobalSection
	GlobalSection(ProjectConfigurationPlatforms) = postSolution
		{EE7F4338-6296-4B8F-9A53-124337333CF8}.Debug|Any CPU.ActiveCfg = Debug|Any CPU
		{EE7F4338-6296-4B8F-9A53-124337333CF8}.Debug|Any CPU.Build.0 = Debug|Any CPU
		{EE7F4338-6296-4B8F-9A53-124337333CF8}.Release|Any CPU.ActiveCfg = Release|Any CPU
		{EE7F4338-6296-4B8F-9A53-124337333CF8}.Release|Any CPU.Build.0 = Release|Any CPU
	EndGlobalSection
	GlobalSection(SolutionProperties) = preSolution
		HideSolutionNode = FALSE
	EndGlobalSection
	GlobalSection(ExtensibilityGlobals) = postSolution
		SolutionGuid = {D8A7EF68-0AF7-4B5E-818C-7F33A3A1326F}
	EndGlobalSection
EndGlobal
